
Microsoft Visual Studio Solution File, Format Version 12.00
# Visual Studio 2013
VisualStudioVersion = 12.0.30110.0
MinimumVisualStudioVersion = 10.0.40219.1
Project("{FAE04EC0-301F-11D3-BF4B-00C04F79EFBC}") = "BOA", "BOA\BOA.csproj", "{0F56EDA9-CF7F-4C49-A67B-3FCD434D4902}"
EndProject
Project("{FAE04EC0-301F-11D3-BF4B-00C04F79EFBC}") = "BOHex", "BOHex\BOHex.csproj", "{7C0ED1DE-561A-44A2-9CBE-EFCBC575388D}"
EndProject
Project("{FAE04EC0-301F-11D3-BF4B-00C04F79EFBC}") = "ZoomableCanvas", "ZoomableCanvas\ZoomableCanvas.csproj", "{9A252B25-4C11-4BBF-8C46-72283A44CA39}"
EndProject
Project("{F2A71F9B-5D33-465A-A702-920D77279786}") = "BoaLang", "BoaLang\BoaLang.fsproj", "{9A0B0A8D-9FCF-4196-BA53-49A4165806D0}"
EndProject
Global
	GlobalSection(SolutionConfigurationPlatforms) = preSolution
		Debug|Any CPU = Debug|Any CPU
		Release|Any CPU = Release|Any CPU
	EndGlobalSection
	GlobalSection(ProjectConfigurationPlatforms) = postSolution
		{0F56EDA9-CF7F-4C49-A67B-3FCD434D4902}.Debug|Any CPU.ActiveCfg = Debug|Any CPU
		{0F56EDA9-CF7F-4C49-A67B-3FCD434D4902}.Debug|Any CPU.Build.0 = Debug|Any CPU
		{0F56EDA9-CF7F-4C49-A67B-3FCD434D4902}.Release|Any CPU.ActiveCfg = Release|Any CPU
		{0F56EDA9-CF7F-4C49-A67B-3FCD434D4902}.Release|Any CPU.Build.0 = Release|Any CPU
		{7C0ED1DE-561A-44A2-9CBE-EFCBC575388D}.Debug|Any CPU.ActiveCfg = Debug|Any CPU
		{7C0ED1DE-561A-44A2-9CBE-EFCBC575388D}.Debug|Any CPU.Build.0 = Debug|Any CPU
		{7C0ED1DE-561A-44A2-9CBE-EFCBC575388D}.Release|Any CPU.ActiveCfg = Release|Any CPU
		{7C0ED1DE-561A-44A2-9CBE-EFCBC575388D}.Release|Any CPU.Build.0 = Release|Any CPU
		{9A252B25-4C11-4BBF-8C46-72283A44CA39}.Debug|Any CPU.ActiveCfg = Debug|Any CPU
		{9A252B25-4C11-4BBF-8C46-72283A44CA39}.Debug|Any CPU.Build.0 = Debug|Any CPU
		{9A252B25-4C11-4BBF-8C46-72283A44CA39}.Release|Any CPU.ActiveCfg = Release|Any CPU
		{9A252B25-4C11-4BBF-8C46-72283A44CA39}.Release|Any CPU.Build.0 = Release|Any CPU
		{9A0B0A8D-9FCF-4196-BA53-49A4165806D0}.Debug|Any CPU.ActiveCfg = Debug|Any CPU
		{9A0B0A8D-9FCF-4196-BA53-49A4165806D0}.Debug|Any CPU.Build.0 = Debug|Any CPU
		{9A0B0A8D-9FCF-4196-BA53-49A4165806D0}.Release|Any CPU.ActiveCfg = Release|Any CPU
		{9A0B0A8D-9FCF-4196-BA53-49A4165806D0}.Release|Any CPU.Build.0 = Release|Any CPU
	EndGlobalSection
	GlobalSection(SolutionProperties) = preSolution
		HideSolutionNode = FALSE
	EndGlobalSection
EndGlobal
